// !$*UTF8*$!
{
	archiveVersion = 1;
	classes = {
	};
	objectVersion = 56;
	objects = {

/* Begin PBXBuildFile section */
		A46CBEAA2AD73E76005563DA /* AppDelegate.swift in Sources */ = {isa = PBXBuildFile; fileRef = A46CBEA92AD73E76005563DA /* AppDelegate.swift */; };
		A46CBEAC2AD73E76005563DA /* SceneDelegate.swift in Sources */ = {isa = PBXBuildFile; fileRef = A46CBEAB2AD73E76005563DA /* SceneDelegate.swift */; };
		A46CBEB12AD73E76005563DA /* Main.storyboard in Resources */ = {isa = PBXBuildFile; fileRef = A46CBEAF2AD73E76005563DA /* Main.storyboard */; };
		A46CBEB42AD73E76005563DA /* Posts.xcdatamodeld in Sources */ = {isa = PBXBuildFile; fileRef = A46CBEB22AD73E76005563DA /* Posts.xcdatamodeld */; };
		A46CBEB62AD73E77005563DA /* Assets.xcassets in Resources */ = {isa = PBXBuildFile; fileRef = A46CBEB52AD73E77005563DA /* Assets.xcassets */; };
		A46CBEB92AD73E77005563DA /* LaunchScreen.storyboard in Resources */ = {isa = PBXBuildFile; fileRef = A46CBEB72AD73E77005563DA /* LaunchScreen.storyboard */; };
		B725E0CB2ADB71B800C186C8 /* PostDataManager.swift in Sources */ = {isa = PBXBuildFile; fileRef = B725E0CA2ADB71B800C186C8 /* PostDataManager.swift */; };
		B725E0CE2ADB78D500C186C8 /* PostEntity+CoreDataClass.swift in Sources */ = {isa = PBXBuildFile; fileRef = B725E0CC2ADB78D500C186C8 /* PostEntity+CoreDataClass.swift */; };
		B725E0CF2ADB78D500C186C8 /* PostEntity+CoreDataProperties.swift in Sources */ = {isa = PBXBuildFile; fileRef = B725E0CD2ADB78D500C186C8 /* PostEntity+CoreDataProperties.swift */; };
		B725E0D12ADB808E00C186C8 /* UIViewExtension.swift in Sources */ = {isa = PBXBuildFile; fileRef = B725E0D02ADB808E00C186C8 /* UIViewExtension.swift */; };
		B7D8915A2AD7A9A7000C30D0 /* PostModel.swift in Sources */ = {isa = PBXBuildFile; fileRef = B7D891592AD7A9A7000C30D0 /* PostModel.swift */; };
		B7D8915D2AD7ABBA000C30D0 /* Constants.swift in Sources */ = {isa = PBXBuildFile; fileRef = B7D8915C2AD7ABBA000C30D0 /* Constants.swift */; };
		B7D891602AD7AECB000C30D0 /* PostService.swift in Sources */ = {isa = PBXBuildFile; fileRef = B7D8915F2AD7AECB000C30D0 /* PostService.swift */; };
		B7D891652AD8540E000C30D0 /* CGColorExtension.swift in Sources */ = {isa = PBXBuildFile; fileRef = B7D891622AD8540E000C30D0 /* CGColorExtension.swift */; };
		B7D891662AD8540E000C30D0 /* AddPostViewControllerExtension.swift in Sources */ = {isa = PBXBuildFile; fileRef = B7D891632AD8540E000C30D0 /* AddPostViewControllerExtension.swift */; };
		B7D891672AD8540E000C30D0 /* HidingKeyboardExtension.swift in Sources */ = {isa = PBXBuildFile; fileRef = B7D891642AD8540E000C30D0 /* HidingKeyboardExtension.swift */; };
		B7D8916B2AD8548B000C30D0 /* AddPostViewController.swift in Sources */ = {isa = PBXBuildFile; fileRef = B7D891692AD8548B000C30D0 /* AddPostViewController.swift */; };
		B7D8916C2AD8548B000C30D0 /* PostsTableViewController.swift in Sources */ = {isa = PBXBuildFile; fileRef = B7D8916A2AD8548B000C30D0 /* PostsTableViewController.swift */; };
		B7D8916F2AD8580F000C30D0 /* PostCell.swift in Sources */ = {isa = PBXBuildFile; fileRef = B7D8916E2AD8580F000C30D0 /* PostCell.swift */; };
/* End PBXBuildFile section */

/* Begin PBXFileReference section */
		A46CBEA62AD73E76005563DA /* Posts.app */ = {isa = PBXFileReference; explicitFileType = wrapper.application; includeInIndex = 0; path = Posts.app; sourceTree = BUILT_PRODUCTS_DIR; };
		A46CBEA92AD73E76005563DA /* AppDelegate.swift */ = {isa = PBXFileReference; lastKnownFileType = sourcecode.swift; path = AppDelegate.swift; sourceTree = "<group>"; };
		A46CBEAB2AD73E76005563DA /* SceneDelegate.swift */ = {isa = PBXFileReference; lastKnownFileType = sourcecode.swift; path = SceneDelegate.swift; sourceTree = "<group>"; };
		A46CBEB02AD73E76005563DA /* Base */ = {isa = PBXFileReference; lastKnownFileType = file.storyboard; name = Base; path = Base.lproj/Main.storyboard; sourceTree = "<group>"; };
		A46CBEB32AD73E76005563DA /* Posts.xcdatamodel */ = {isa = PBXFileReference; lastKnownFileType = wrapper.xcdatamodel; path = Posts.xcdatamodel; sourceTree = "<group>"; };
		A46CBEB52AD73E77005563DA /* Assets.xcassets */ = {isa = PBXFileReference; lastKnownFileType = folder.assetcatalog; path = Assets.xcassets; sourceTree = "<group>"; };
		A46CBEB82AD73E77005563DA /* Base */ = {isa = PBXFileReference; lastKnownFileType = file.storyboard; name = Base; path = Base.lproj/LaunchScreen.storyboard; sourceTree = "<group>"; };
		A46CBEBA2AD73E77005563DA /* Info.plist */ = {isa = PBXFileReference; lastKnownFileType = text.plist.xml; path = Info.plist; sourceTree = "<group>"; };
		B725E0CA2ADB71B800C186C8 /* PostDataManager.swift */ = {isa = PBXFileReference; lastKnownFileType = sourcecode.swift; path = PostDataManager.swift; sourceTree = "<group>"; };
		B725E0CC2ADB78D500C186C8 /* PostEntity+CoreDataClass.swift */ = {isa = PBXFileReference; lastKnownFileType = sourcecode.swift; path = "PostEntity+CoreDataClass.swift"; sourceTree = "<group>"; };
		B725E0CD2ADB78D500C186C8 /* PostEntity+CoreDataProperties.swift */ = {isa = PBXFileReference; lastKnownFileType = sourcecode.swift; path = "PostEntity+CoreDataProperties.swift"; sourceTree = "<group>"; };
		B725E0D02ADB808E00C186C8 /* UIViewExtension.swift */ = {isa = PBXFileReference; lastKnownFileType = sourcecode.swift; path = UIViewExtension.swift; sourceTree = "<group>"; };
		B7D891592AD7A9A7000C30D0 /* PostModel.swift */ = {isa = PBXFileReference; lastKnownFileType = sourcecode.swift; path = PostModel.swift; sourceTree = "<group>"; };
		B7D8915C2AD7ABBA000C30D0 /* Constants.swift */ = {isa = PBXFileReference; lastKnownFileType = sourcecode.swift; path = Constants.swift; sourceTree = "<group>"; };
		B7D8915F2AD7AECB000C30D0 /* PostService.swift */ = {isa = PBXFileReference; lastKnownFileType = sourcecode.swift; path = PostService.swift; sourceTree = "<group>"; };
		B7D891622AD8540E000C30D0 /* CGColorExtension.swift */ = {isa = PBXFileReference; fileEncoding = 4; lastKnownFileType = sourcecode.swift; path = CGColorExtension.swift; sourceTree = "<group>"; };
		B7D891632AD8540E000C30D0 /* AddPostViewControllerExtension.swift */ = {isa = PBXFileReference; fileEncoding = 4; lastKnownFileType = sourcecode.swift; path = AddPostViewControllerExtension.swift; sourceTree = "<group>"; };
		B7D891642AD8540E000C30D0 /* HidingKeyboardExtension.swift */ = {isa = PBXFileReference; fileEncoding = 4; lastKnownFileType = sourcecode.swift; path = HidingKeyboardExtension.swift; sourceTree = "<group>"; };
		B7D891692AD8548B000C30D0 /* AddPostViewController.swift */ = {isa = PBXFileReference; fileEncoding = 4; lastKnownFileType = sourcecode.swift; path = AddPostViewController.swift; sourceTree = "<group>"; };
		B7D8916A2AD8548B000C30D0 /* PostsTableViewController.swift */ = {isa = PBXFileReference; fileEncoding = 4; lastKnownFileType = sourcecode.swift; path = PostsTableViewController.swift; sourceTree = "<group>"; };
		B7D8916E2AD8580F000C30D0 /* PostCell.swift */ = {isa = PBXFileReference; lastKnownFileType = sourcecode.swift; path = PostCell.swift; sourceTree = "<group>"; };
/* End PBXFileReference section */

/* Begin PBXFrameworksBuildPhase section */
		A46CBEA32AD73E76005563DA /* Frameworks */ = {
			isa = PBXFrameworksBuildPhase;
			buildActionMask = 2147483647;
			files = (
			);
			runOnlyForDeploymentPostprocessing = 0;
		};
/* End PBXFrameworksBuildPhase section */

/* Begin PBXGroup section */
		A46CBE9D2AD73E76005563DA = {
			isa = PBXGroup;
			children = (
				B725E0CC2ADB78D500C186C8 /* PostEntity+CoreDataClass.swift */,
				B725E0CD2ADB78D500C186C8 /* PostEntity+CoreDataProperties.swift */,
				A46CBEA82AD73E76005563DA /* Posts */,
				A46CBEA72AD73E76005563DA /* Products */,
			);
			sourceTree = "<group>";
		};
		A46CBEA72AD73E76005563DA /* Products */ = {
			isa = PBXGroup;
			children = (
				A46CBEA62AD73E76005563DA /* Posts.app */,
			);
			name = Products;
			sourceTree = "<group>";
		};
		A46CBEA82AD73E76005563DA /* Posts */ = {
			isa = PBXGroup;
			children = (
				B7D891612AD8533A000C30D0 /* Extensions */,
				B7D8915E2AD7AD75000C30D0 /* Services */,
				B7D8915B2AD7ABA0000C30D0 /* Globals */,
				B7D891582AD7A995000C30D0 /* Models */,
				B7D891682AD8544D000C30D0 /* ViewControllers */,
				B7D8916D2AD857C1000C30D0 /* Views */,
				A46CBEA92AD73E76005563DA /* AppDelegate.swift */,
				A46CBEAB2AD73E76005563DA /* SceneDelegate.swift */,
				A46CBEAF2AD73E76005563DA /* Main.storyboard */,
				A46CBEB52AD73E77005563DA /* Assets.xcassets */,
				A46CBEB72AD73E77005563DA /* LaunchScreen.storyboard */,
				A46CBEBA2AD73E77005563DA /* Info.plist */,
				A46CBEB22AD73E76005563DA /* Posts.xcdatamodeld */,
			);
			path = Posts;
			sourceTree = "<group>";
		};
		B7D891582AD7A995000C30D0 /* Models */ = {
			isa = PBXGroup;
			children = (
				B7D891592AD7A9A7000C30D0 /* PostModel.swift */,
				B725E0CA2ADB71B800C186C8 /* PostDataManager.swift */,
			);
			path = Models;
			sourceTree = "<group>";
		};
		B7D8915B2AD7ABA0000C30D0 /* Globals */ = {
			isa = PBXGroup;
			children = (
				B7D8915C2AD7ABBA000C30D0 /* Constants.swift */,
			);
			path = Globals;
			sourceTree = "<group>";
		};
		B7D8915E2AD7AD75000C30D0 /* Services */ = {
			isa = PBXGroup;
			children = (
				B7D8915F2AD7AECB000C30D0 /* PostService.swift */,
			);
			path = Services;
			sourceTree = "<group>";
		};
		B7D891612AD8533A000C30D0 /* Extensions */ = {
			isa = PBXGroup;
			children = (
				B7D891632AD8540E000C30D0 /* AddPostViewControllerExtension.swift */,
				B7D891622AD8540E000C30D0 /* CGColorExtension.swift */,
				B7D891642AD8540E000C30D0 /* HidingKeyboardExtension.swift */,
				B725E0D02ADB808E00C186C8 /* UIViewExtension.swift */,
			);
			path = Extensions;
			sourceTree = "<group>";
		};
		B7D891682AD8544D000C30D0 /* ViewControllers */ = {
			isa = PBXGroup;
			children = (
				B7D891692AD8548B000C30D0 /* AddPostViewController.swift */,
				B7D8916A2AD8548B000C30D0 /* PostsTableViewController.swift */,
			);
			path = ViewControllers;
			sourceTree = "<group>";
		};
		B7D8916D2AD857C1000C30D0 /* Views */ = {
			isa = PBXGroup;
			children = (
				B7D8916E2AD8580F000C30D0 /* PostCell.swift */,
			);
			path = Views;
			sourceTree = "<group>";
		};
/* End PBXGroup section */

/* Begin PBXNativeTarget section */
		A46CBEA52AD73E76005563DA /* Posts */ = {
			isa = PBXNativeTarget;
			buildConfigurationList = A46CBEBD2AD73E77005563DA /* Build configuration list for PBXNativeTarget "Posts" */;
			buildPhases = (
				A46CBEA22AD73E76005563DA /* Sources */,
				A46CBEA32AD73E76005563DA /* Frameworks */,
				A46CBEA42AD73E76005563DA /* Resources */,
			);
			buildRules = (
			);
			dependencies = (
			);
			name = Posts;
			productName = Posts;
			productReference = A46CBEA62AD73E76005563DA /* Posts.app */;
			productType = "com.apple.product-type.application";
		};
/* End PBXNativeTarget section */

/* Begin PBXProject section */
		A46CBE9E2AD73E76005563DA /* Project object */ = {
			isa = PBXProject;
			attributes = {
				BuildIndependentTargetsInParallel = 1;
				LastSwiftUpdateCheck = 1500;
				LastUpgradeCheck = 1500;
				TargetAttributes = {
					A46CBEA52AD73E76005563DA = {
						CreatedOnToolsVersion = 15.0;
					};
				};
			};
			buildConfigurationList = A46CBEA12AD73E76005563DA /* Build configuration list for PBXProject "Posts" */;
			compatibilityVersion = "Xcode 14.0";
			developmentRegion = en;
			hasScannedForEncodings = 0;
			knownRegions = (
				en,
				Base,
			);
			mainGroup = A46CBE9D2AD73E76005563DA;
			productRefGroup = A46CBEA72AD73E76005563DA /* Products */;
			projectDirPath = "";
			projectRoot = "";
			targets = (
				A46CBEA52AD73E76005563DA /* Posts */,
			);
		};
/* End PBXProject section */

/* Begin PBXResourcesBuildPhase section */
		A46CBEA42AD73E76005563DA /* Resources */ = {
			isa = PBXResourcesBuildPhase;
			buildActionMask = 2147483647;
			files = (
				A46CBEB92AD73E77005563DA /* LaunchScreen.storyboard in Resources */,
				A46CBEB62AD73E77005563DA /* Assets.xcassets in Resources */,
				A46CBEB12AD73E76005563DA /* Main.storyboard in Resources */,
			);
			runOnlyForDeploymentPostprocessing = 0;
		};
/* End PBXResourcesBuildPhase section */

/* Begin PBXSourcesBuildPhase section */
		A46CBEA22AD73E76005563DA /* Sources */ = {
			isa = PBXSourcesBuildPhase;
			buildActionMask = 2147483647;
			files = (
				B7D8916B2AD8548B000C30D0 /* AddPostViewController.swift in Sources */,
				B7D8916F2AD8580F000C30D0 /* PostCell.swift in Sources */,
				A46CBEAA2AD73E76005563DA /* AppDelegate.swift in Sources */,
				B7D891662AD8540E000C30D0 /* AddPostViewControllerExtension.swift in Sources */,
				B7D891602AD7AECB000C30D0 /* PostService.swift in Sources */,
				B7D8916C2AD8548B000C30D0 /* PostsTableViewController.swift in Sources */,
				A46CBEAC2AD73E76005563DA /* SceneDelegate.swift in Sources */,
				B725E0D12ADB808E00C186C8 /* UIViewExtension.swift in Sources */,
				B7D891672AD8540E000C30D0 /* HidingKeyboardExtension.swift in Sources */,
				A46CBEB42AD73E76005563DA /* Posts.xcdatamodeld in Sources */,
				B7D8915A2AD7A9A7000C30D0 /* PostModel.swift in Sources */,
				B725E0CB2ADB71B800C186C8 /* PostDataManager.swift in Sources */,
				B725E0CF2ADB78D500C186C8 /* PostEntity+CoreDataProperties.swift in Sources */,
				B725E0CE2ADB78D500C186C8 /* PostEntity+CoreDataClass.swift in Sources */,
				B7D8915D2AD7ABBA000C30D0 /* Constants.swift in Sources */,
				B7D891652AD8540E000C30D0 /* CGColorExtension.swift in Sources */,
			);
			runOnlyForDeploymentPostprocessing = 0;
		};
/* End PBXSourcesBuildPhase section */

/* Begin PBXVariantGroup section */
		A46CBEAF2AD73E76005563DA /* Main.storyboard */ = {
			isa = PBXVariantGroup;
			children = (
				A46CBEB02AD73E76005563DA /* Base */,
			);
			name = Main.storyboard;
			sourceTree = "<group>";
		};
		A46CBEB72AD73E77005563DA /* LaunchScreen.storyboard */ = {
			isa = PBXVariantGroup;
			children = (
				A46CBEB82AD73E77005563DA /* Base */,
			);
			name = LaunchScreen.storyboard;
			sourceTree = "<group>";
		};
/* End PBXVariantGroup section */

/* Begin XCBuildConfiguration section */
		A46CBEBB2AD73E77005563DA /* Debug */ = {
			isa = XCBuildConfiguration;
			buildSettings = {
				ALWAYS_SEARCH_USER_PATHS = NO;
				ASSETCATALOG_COMPILER_GENERATE_SWIFT_ASSET_SYMBOL_EXTENSIONS = YES;
				CLANG_ANALYZER_NONNULL = YES;
				CLANG_ANALYZER_NUMBER_OBJECT_CONVERSION = YES_AGGRESSIVE;
				CLANG_CXX_LANGUAGE_STANDARD = "gnu++20";
				CLANG_ENABLE_MODULES = YES;
				CLANG_ENABLE_OBJC_ARC = YES;
				CLANG_ENABLE_OBJC_WEAK = YES;
				CLANG_WARN_BLOCK_CAPTURE_AUTORELEASING = YES;
				CLANG_WARN_BOOL_CONVERSION = YES;
				CLANG_WARN_COMMA = YES;
				CLANG_WARN_CONSTANT_CONVERSION = YES;
				CLANG_WARN_DEPRECATED_OBJC_IMPLEMENTATIONS = YES;
				CLANG_WARN_DIRECT_OBJC_ISA_USAGE = YES_ERROR;
				CLANG_WARN_DOCUMENTATION_COMMENTS = YES;
				CLANG_WARN_EMPTY_BODY = YES;
				CLANG_WARN_ENUM_CONVERSION = YES;
				CLANG_WARN_INFINITE_RECURSION = YES;
				CLANG_WARN_INT_CONVERSION = YES;
				CLANG_WARN_NON_LITERAL_NULL_CONVERSION = YES;
				CLANG_WARN_OBJC_IMPLICIT_RETAIN_SELF = YES;
				CLANG_WARN_OBJC_LITERAL_CONVERSION = YES;
				CLANG_WARN_OBJC_ROOT_CLASS = YES_ERROR;
				CLANG_WARN_QUOTED_INCLUDE_IN_FRAMEWORK_HEADER = YES;
				CLANG_WARN_RANGE_LOOP_ANALYSIS = YES;
				CLANG_WARN_STRICT_PROTOTYPES = YES;
				CLANG_WARN_SUSPICIOUS_MOVE = YES;
				CLANG_WARN_UNGUARDED_AVAILABILITY = YES_AGGRESSIVE;
				CLANG_WARN_UNREACHABLE_CODE = YES;
				CLANG_WARN__DUPLICATE_METHOD_MATCH = YES;
				COPY_PHASE_STRIP = NO;
				DEBUG_INFORMATION_FORMAT = dwarf;
				ENABLE_STRICT_OBJC_MSGSEND = YES;
				ENABLE_TESTABILITY = YES;
				ENABLE_USER_SCRIPT_SANDBOXING = YES;
				GCC_C_LANGUAGE_STANDARD = gnu17;
				GCC_DYNAMIC_NO_PIC = NO;
				GCC_NO_COMMON_BLOCKS = YES;
				GCC_OPTIMIZATION_LEVEL = 0;
				GCC_PREPROCESSOR_DEFINITIONS = (
					"DEBUG=1",
					"$(inherited)",
				);
				GCC_WARN_64_TO_32_BIT_CONVERSION = YES;
				GCC_WARN_ABOUT_RETURN_TYPE = YES_ERROR;
				GCC_WARN_UNDECLARED_SELECTOR = YES;
				GCC_WARN_UNINITIALIZED_AUTOS = YES_AGGRESSIVE;
				GCC_WARN_UNUSED_FUNCTION = YES;
				GCC_WARN_UNUSED_VARIABLE = YES;
				IPHONEOS_DEPLOYMENT_TARGET = 17.0;
				LOCALIZATION_PREFERS_STRING_CATALOGS = YES;
				MTL_ENABLE_DEBUG_INFO = INCLUDE_SOURCE;
				MTL_FAST_MATH = YES;
				ONLY_ACTIVE_ARCH = YES;
				SDKROOT = iphoneos;
				SWIFT_ACTIVE_COMPILATION_CONDITIONS = "DEBUG $(inherited)";
				SWIFT_OPTIMIZATION_LEVEL = "-Onone";
			};
			name = Debug;
		};
		A46CBEBC2AD73E77005563DA /* Release */ = {
			isa = XCBuildConfiguration;
			buildSettings = {
				ALWAYS_SEARCH_USER_PATHS = NO;
				ASSETCATALOG_COMPILER_GENERATE_SWIFT_ASSET_SYMBOL_EXTENSIONS = YES;
				CLANG_ANALYZER_NONNULL = YES;
				CLANG_ANALYZER_NUMBER_OBJECT_CONVERSION = YES_AGGRESSIVE;
				CLANG_CXX_LANGUAGE_STANDARD = "gnu++20";
				CLANG_ENABLE_MODULES = YES;
				CLANG_ENABLE_OBJC_ARC = YES;
				CLANG_ENABLE_OBJC_WEAK = YES;
				CLANG_WARN_BLOCK_CAPTURE_AUTORELEASING = YES;
				CLANG_WARN_BOOL_CONVERSION = YES;
				CLANG_WARN_COMMA = YES;
				CLANG_WARN_CONSTANT_CONVERSION = YES;
				CLANG_WARN_DEPRECATED_OBJC_IMPLEMENTATIONS = YES;
				CLANG_WARN_DIRECT_OBJC_ISA_USAGE = YES_ERROR;
				CLANG_WARN_DOCUMENTATION_COMMENTS = YES;
				CLANG_WARN_EMPTY_BODY = YES;
				CLANG_WARN_ENUM_CONVERSION = YES;
				CLANG_WARN_INFINITE_RECURSION = YES;
				CLANG_WARN_INT_CONVERSION = YES;
				CLANG_WARN_NON_LITERAL_NULL_CONVERSION = YES;
				CLANG_WARN_OBJC_IMPLICIT_RETAIN_SELF = YES;
				CLANG_WARN_OBJC_LITERAL_CONVERSION = YES;
				CLANG_WARN_OBJC_ROOT_CLASS = YES_ERROR;
				CLANG_WARN_QUOTED_INCLUDE_IN_FRAMEWORK_HEADER = YES;
				CLANG_WARN_RANGE_LOOP_ANALYSIS = YES;
				CLANG_WARN_STRICT_PROTOTYPES = YES;
				CLANG_WARN_SUSPICIOUS_MOVE = YES;
				CLANG_WARN_UNGUARDED_AVAILABILITY = YES_AGGRESSIVE;
				CLANG_WARN_UNREACHABLE_CODE = YES;
				CLANG_WARN__DUPLICATE_METHOD_MATCH = YES;
				COPY_PHASE_STRIP = NO;
				DEBUG_INFORMATION_FORMAT = "dwarf-with-dsym";
				ENABLE_NS_ASSERTIONS = NO;
				ENABLE_STRICT_OBJC_MSGSEND = YES;
				ENABLE_USER_SCRIPT_SANDBOXING = YES;
				GCC_C_LANGUAGE_STANDARD = gnu17;
				GCC_NO_COMMON_BLOCKS = YES;
				GCC_WARN_64_TO_32_BIT_CONVERSION = YES;
				GCC_WARN_ABOUT_RETURN_TYPE = YES_ERROR;
				GCC_WARN_UNDECLARED_SELECTOR = YES;
				GCC_WARN_UNINITIALIZED_AUTOS = YES_AGGRESSIVE;
				GCC_WARN_UNUSED_FUNCTION = YES;
				GCC_WARN_UNUSED_VARIABLE = YES;
				IPHONEOS_DEPLOYMENT_TARGET = 17.0;
				LOCALIZATION_PREFERS_STRING_CATALOGS = YES;
				MTL_ENABLE_DEBUG_INFO = NO;
				MTL_FAST_MATH = YES;
				SDKROOT = iphoneos;
				SWIFT_COMPILATION_MODE = wholemodule;
				VALIDATE_PRODUCT = YES;
			};
			name = Release;
		};
		A46CBEBE2AD73E77005563DA /* Debug */ = {
			isa = XCBuildConfiguration;
			buildSettings = {
				ASSETCATALOG_COMPILER_APPICON_NAME = AppIcon;
				ASSETCATALOG_COMPILER_GLOBAL_ACCENT_COLOR_NAME = AccentColor;
				CODE_SIGN_STYLE = Automatic;
				CURRENT_PROJECT_VERSION = 1;
				GENERATE_INFOPLIST_FILE = YES;
				INFOPLIST_FILE = Posts/Info.plist;
				INFOPLIST_KEY_UIApplicationSupportsIndirectInputEvents = YES;
				INFOPLIST_KEY_UILaunchStoryboardName = LaunchScreen;
				INFOPLIST_KEY_UIMainStoryboardFile = Main;
				INFOPLIST_KEY_UISupportedInterfaceOrientations_iPad = "UIInterfaceOrientationPortrait UIInterfaceOrientationPortraitUpsideDown UIInterfaceOrientationLandscapeLeft UIInterfaceOrientationLandscapeRight";
				INFOPLIST_KEY_UISupportedInterfaceOrientations_iPhone = "UIInterfaceOrientationPortrait UIInterfaceOrientationLandscapeLeft UIInterfaceOrientationLandscapeRight";
				LD_RUNPATH_SEARCH_PATHS = (
					"$(inherited)",
					"@executable_path/Frameworks",
				);
				MARKETING_VERSION = 1.0;
				PRODUCT_BUNDLE_IDENTIFIER = duran.luis.sergio.Posts;
				PRODUCT_NAME = "$(TARGET_NAME)";
				SWIFT_EMIT_LOC_STRINGS = YES;
				SWIFT_VERSION = 5.0;
				TARGETED_DEVICE_FAMILY = "1,2";
			};
			name = Debug;
		};
		A46CBEBF2AD73E77005563DA /* Release */ = {
			isa = XCBuildConfiguration;
			buildSettings = {
				ASSETCATALOG_COMPILER_APPICON_NAME = AppIcon;
				ASSETCATALOG_COMPILER_GLOBAL_ACCENT_COLOR_NAME = AccentColor;
				CODE_SIGN_STYLE = Automatic;
				CURRENT_PROJECT_VERSION = 1;
				GENERATE_INFOPLIST_FILE = YES;
				INFOPLIST_FILE = Posts/Info.plist;
				INFOPLIST_KEY_UIApplicationSupportsIndirectInputEvents = YES;
				INFOPLIST_KEY_UILaunchStoryboardName = LaunchScreen;
				INFOPLIST_KEY_UIMainStoryboardFile = Main;
				INFOPLIST_KEY_UISupportedInterfaceOrientations_iPad = "UIInterfaceOrientationPortrait UIInterfaceOrientationPortraitUpsideDown UIInterfaceOrientationLandscapeLeft UIInterfaceOrientationLandscapeRight";
				INFOPLIST_KEY_UISupportedInterfaceOrientations_iPhone = "UIInterfaceOrientationPortrait UIInterfaceOrientationLandscapeLeft UIInterfaceOrientationLandscapeRight";
				LD_RUNPATH_SEARCH_PATHS = (
					"$(inherited)",
					"@executable_path/Frameworks",
				);
				MARKETING_VERSION = 1.0;
				PRODUCT_BUNDLE_IDENTIFIER = duran.luis.sergio.Posts;
				PRODUCT_NAME = "$(TARGET_NAME)";
				SWIFT_EMIT_LOC_STRINGS = YES;
				SWIFT_VERSION = 5.0;
				TARGETED_DEVICE_FAMILY = "1,2";
			};
			name = Release;
		};
/* End XCBuildConfiguration section */

/* Begin XCConfigurationList section */
		A46CBEA12AD73E76005563DA /* Build configuration list for PBXProject "Posts" */ = {
			isa = XCConfigurationList;
			buildConfigurations = (
				A46CBEBB2AD73E77005563DA /* Debug */,
				A46CBEBC2AD73E77005563DA /* Release */,
			);
			defaultConfigurationIsVisible = 0;
			defaultConfigurationName = Release;
		};
		A46CBEBD2AD73E77005563DA /* Build configuration list for PBXNativeTarget "Posts" */ = {
			isa = XCConfigurationList;
			buildConfigurations = (
				A46CBEBE2AD73E77005563DA /* Debug */,
				A46CBEBF2AD73E77005563DA /* Release */,
			);
			defaultConfigurationIsVisible = 0;
			defaultConfigurationName = Release;
		};
/* End XCConfigurationList section */

/* Begin XCVersionGroup section */
		A46CBEB22AD73E76005563DA /* Posts.xcdatamodeld */ = {
			isa = XCVersionGroup;
			children = (
				A46CBEB32AD73E76005563DA /* Posts.xcdatamodel */,
			);
			currentVersion = A46CBEB32AD73E76005563DA /* Posts.xcdatamodel */;
			path = Posts.xcdatamodeld;
			sourceTree = "<group>";
			versionGroupType = wrapper.xcdatamodel;
		};
/* End XCVersionGroup section */
	};
	rootObject = A46CBE9E2AD73E76005563DA /* Project object */;
}
